PODS:
  - DatadogSDK (1.5.2):
    - Kronos (~> 4.1)
  - DatadogSDKBridge (0.4.0):
    - DatadogSDK (~> 1.5.2)
  - DatadogSDKBridge/Tests (0.4.0):
    - DatadogSDK (~> 1.5.2)
  - Kronos (4.2.1)

DEPENDENCIES:
  - DatadogSDKBridge (from `../`)
  - DatadogSDKBridge/Tests (from `../`)

SPEC REPOS:
  trunk:
    - DatadogSDK
    - Kronos

EXTERNAL SOURCES:
  DatadogSDKBridge:
    :path: "../"

SPEC CHECKSUMS:
  DatadogSDK: 825d16f4724f8767e1f7b64b59e22a70d404b919
  DatadogSDKBridge: 0d5a3800816e2b84940ceb9202453ede333d984d
  Kronos: 0ca73a1c00dc9a49a0bab4a6ed42f282562a7058

PODFILE CHECKSUM: ba6317017d5ad4eab3b7cdb33eca856c819d2d6e

COCOAPODS: 1.10.1
