PODS:
  - DatadogSDK (1.5.0-alpha1):
    - Kronos (~> 4.1)
  - DatadogSDKBridge (0.1.0):
    - DatadogSDKObjc
  - DatadogSDKBridge/Tests (0.1.0):
    - DatadogSDKObjc
  - DatadogSDKObjc (1.5.0-alpha1):
    - DatadogSDK (= 1.5.0-alpha1)
  - Kronos (4.1.1)

DEPENDENCIES:
  - DatadogSDK (from `../../dd-sdk-ios/`)
  - DatadogSDKBridge (from `../`)
  - DatadogSDKBridge/Tests (from `../`)
  - DatadogSDKObjc (from `../../dd-sdk-ios/`)

SPEC REPOS:
  trunk:
    - Kronos

EXTERNAL SOURCES:
  DatadogSDK:
    :path: "../../dd-sdk-ios/"
  DatadogSDKBridge:
    :path: "../"
  DatadogSDKObjc:
    :path: "../../dd-sdk-ios/"

SPEC CHECKSUMS:
  DatadogSDK: b0d217f4d1016e4e95b33faacead20878570af2f
  DatadogSDKBridge: 132810616eafa1caf9e8d0ea979be13ce1669dc7
  DatadogSDKObjc: 0e4f121cf58ce51e5030a6308282f423ad0c97ae
  Kronos: 0b5ed8c8f3047315a5cb7cbde99b0d7600afe99e

PODFILE CHECKSUM: 8581f3d9928cfa50de193c50b121d3f55dcef47e

COCOAPODS: 1.10.1
