PODS:
  - DatadogSDK (1.8.0):
    - Kronos (~> 4.2)
  - DatadogSDKBridge (0.5.1):
    - DatadogSDK (~> 1.8.0)
  - Kronos (4.2.1)

DEPENDENCIES:
  - DatadogSDKBridge (from `../`)

SPEC REPOS:
  trunk:
    - DatadogSDK
    - Kronos

EXTERNAL SOURCES:
  DatadogSDKBridge:
    :path: "../"

SPEC CHECKSUMS:
  DatadogSDK: 70bd7f07d902c0e5835bba87ff0cfcf642cc5a91
  DatadogSDKBridge: 61a59e46c3f00ba496be658c09c9f72ebbf9b3ea
  Kronos: 0ca73a1c00dc9a49a0bab4a6ed42f282562a7058

PODFILE CHECKSUM: 0f230940dcc6685e1c6b3c7b34b7b2c618993c36

COCOAPODS: 1.11.2
